
Microsoft Visual Studio Solution File, Format Version 12.00
# Visual Studio 2012
Project("{FAE04EC0-301F-11D3-BF4B-00C04F79EFBC}") = "keygencli", "keygencli\keygencli.csproj", "{5A76DF9B-6535-45B7-AB97-699667BD7CFF}"
EndProject
Project("{FAE04EC0-301F-11D3-BF4B-00C04F79EFBC}") = "keygenlib", "keygenlib\keygenlib.csproj", "{709CF7F1-A58F-414A-9E30-F2F7D91ADEAF}"
EndProject
Project("{FAE04EC0-301F-11D3-BF4B-00C04F79EFBC}") = "shareitkeygen", "shareitkeygen\shareitkeygen.csproj", "{534FC8DD-E369-42E4-9ACA-909DDFC96142}"
EndProject
Project("{E24C65DC-7377-472B-9ABA-BC803B73C61A}") = "keygenweb", "keygenweb\", "{9F7EC15B-5F72-4A5B-B89D-AAEFB18F6DA1}"
	ProjectSection(WebsiteProperties) = preProject
		TargetFrameworkMoniker = ".NETFramework,Version%3Dv2.0"
		ProjectReferences = "{709CF7F1-A58F-414A-9E30-F2F7D91ADEAF}|keygenlib.dll;{EE475F12-4BA4-4DBD-8E69-695808C0EB71}|AlpineSoft.EZRSA.dll;"
		Debug.AspNetCompiler.VirtualPath = "/keygenweb"
		Debug.AspNetCompiler.PhysicalPath = "keygenweb\"
		Debug.AspNetCompiler.TargetPath = "PrecompiledWeb\keygenweb\"
		Debug.AspNetCompiler.Updateable = "true"
		Debug.AspNetCompiler.ForceOverwrite = "true"
		Debug.AspNetCompiler.FixedNames = "false"
		Debug.AspNetCompiler.Debug = "True"
		Release.AspNetCompiler.VirtualPath = "/keygenweb"
		Release.AspNetCompiler.PhysicalPath = "keygenweb\"
		Release.AspNetCompiler.TargetPath = "PrecompiledWeb\keygenweb\"
		Release.AspNetCompiler.Updateable = "true"
		Release.AspNetCompiler.ForceOverwrite = "true"
		Release.AspNetCompiler.FixedNames = "false"
		Release.AspNetCompiler.Debug = "False"
		VWDPort = "58804"
	EndProjectSection
EndProject
Project("{FAE04EC0-301F-11D3-BF4B-00C04F79EFBC}") = "AlpineSoft.EZRSA", "..\EZRSA\AlpineSoft.EZRSA.csproj", "{EE475F12-4BA4-4DBD-8E69-695808C0EB71}"
EndProject
Global
	GlobalSection(SolutionConfigurationPlatforms) = preSolution
		Debug|Any CPU = Debug|Any CPU
		Release|Any CPU = Release|Any CPU
	EndGlobalSection
	GlobalSection(ProjectConfigurationPlatforms) = postSolution
		{5A76DF9B-6535-45B7-AB97-699667BD7CFF}.Debug|Any CPU.ActiveCfg = Debug|Any CPU
		{5A76DF9B-6535-45B7-AB97-699667BD7CFF}.Debug|Any CPU.Build.0 = Debug|Any CPU
		{5A76DF9B-6535-45B7-AB97-699667BD7CFF}.Release|Any CPU.ActiveCfg = Release|Any CPU
		{5A76DF9B-6535-45B7-AB97-699667BD7CFF}.Release|Any CPU.Build.0 = Release|Any CPU
		{709CF7F1-A58F-414A-9E30-F2F7D91ADEAF}.Debug|Any CPU.ActiveCfg = Debug|Any CPU
		{709CF7F1-A58F-414A-9E30-F2F7D91ADEAF}.Debug|Any CPU.Build.0 = Debug|Any CPU
		{709CF7F1-A58F-414A-9E30-F2F7D91ADEAF}.Release|Any CPU.ActiveCfg = Release|Any CPU
		{709CF7F1-A58F-414A-9E30-F2F7D91ADEAF}.Release|Any CPU.Build.0 = Release|Any CPU
		{534FC8DD-E369-42E4-9ACA-909DDFC96142}.Debug|Any CPU.ActiveCfg = Debug|Any CPU
		{534FC8DD-E369-42E4-9ACA-909DDFC96142}.Debug|Any CPU.Build.0 = Debug|Any CPU
		{534FC8DD-E369-42E4-9ACA-909DDFC96142}.Release|Any CPU.ActiveCfg = Release|Any CPU
		{534FC8DD-E369-42E4-9ACA-909DDFC96142}.Release|Any CPU.Build.0 = Release|Any CPU
		{9F7EC15B-5F72-4A5B-B89D-AAEFB18F6DA1}.Debug|Any CPU.ActiveCfg = Debug|Any CPU
		{9F7EC15B-5F72-4A5B-B89D-AAEFB18F6DA1}.Debug|Any CPU.Build.0 = Debug|Any CPU
		{9F7EC15B-5F72-4A5B-B89D-AAEFB18F6DA1}.Release|Any CPU.ActiveCfg = Debug|Any CPU
		{9F7EC15B-5F72-4A5B-B89D-AAEFB18F6DA1}.Release|Any CPU.Build.0 = Debug|Any CPU
		{EE475F12-4BA4-4DBD-8E69-695808C0EB71}.Debug|Any CPU.ActiveCfg = Debug|Any CPU
		{EE475F12-4BA4-4DBD-8E69-695808C0EB71}.Debug|Any CPU.Build.0 = Debug|Any CPU
		{EE475F12-4BA4-4DBD-8E69-695808C0EB71}.Release|Any CPU.ActiveCfg = Release|Any CPU
		{EE475F12-4BA4-4DBD-8E69-695808C0EB71}.Release|Any CPU.Build.0 = Release|Any CPU
	EndGlobalSection
	GlobalSection(SolutionProperties) = preSolution
		HideSolutionNode = FALSE
	EndGlobalSection
EndGlobal
